// !$*UTF8*$!
{
	archiveVersion = 1;
	classes = {
	};
	objectVersion = 56;
	objects = {

/* Begin PBXBuildFile section */
		1518154F92DC88F0E882DC45 /* Pods_SugarBoxDemo.framework in Frameworks */ = {isa = PBXBuildFile; fileRef = EE63CF311DDD2AD7E7F25B7A /* Pods_SugarBoxDemo.framework */; };
		87012AD82B0F938C008A629D /* AppDelegate.swift in Sources */ = {isa = PBXBuildFile; fileRef = 87012AD72B0F938C008A629D /* AppDelegate.swift */; };
		87012ADC2B0F938C008A629D /* ViewController.swift in Sources */ = {isa = PBXBuildFile; fileRef = 87012ADB2B0F938C008A629D /* ViewController.swift */; };
		87012ADF2B0F938C008A629D /* Main.storyboard in Resources */ = {isa = PBXBuildFile; fileRef = 87012ADD2B0F938C008A629D /* Main.storyboard */; };
		87012AE12B0F938F008A629D /* Assets.xcassets in Resources */ = {isa = PBXBuildFile; fileRef = 87012AE02B0F938F008A629D /* Assets.xcassets */; };
		87012AE42B0F938F008A629D /* LaunchScreen.storyboard in Resources */ = {isa = PBXBuildFile; fileRef = 87012AE22B0F938F008A629D /* LaunchScreen.storyboard */; };
		87012AEE2B0F9730008A629D /* BannerCollectionViewCell.swift in Sources */ = {isa = PBXBuildFile; fileRef = 87012AED2B0F9730008A629D /* BannerCollectionViewCell.swift */; };
		87012AF02B0F9986008A629D /* SubBannerCollectionViewCell.swift in Sources */ = {isa = PBXBuildFile; fileRef = 87012AEF2B0F9986008A629D /* SubBannerCollectionViewCell.swift */; };
		87012AF32B0F99E3008A629D /* HomeTableViewCell.swift in Sources */ = {isa = PBXBuildFile; fileRef = 87012AF22B0F99E3008A629D /* HomeTableViewCell.swift */; };
		878DC7EF2B0FB1A900528B59 /* APIClass.swift in Sources */ = {isa = PBXBuildFile; fileRef = 878DC7EE2B0FB1A900528B59 /* APIClass.swift */; };
		878DC7F22B0FB27300528B59 /* HomeViewModel.swift in Sources */ = {isa = PBXBuildFile; fileRef = 878DC7F12B0FB27300528B59 /* HomeViewModel.swift */; };
		878DC7F42B0FB46400528B59 /* HomeModel.swift in Sources */ = {isa = PBXBuildFile; fileRef = 878DC7F32B0FB46400528B59 /* HomeModel.swift */; };
/* End PBXBuildFile section */

/* Begin PBXFileReference section */
		87012AD42B0F938C008A629D /* SugarBoxDemo.app */ = {isa = PBXFileReference; explicitFileType = wrapper.application; includeInIndex = 0; path = SugarBoxDemo.app; sourceTree = BUILT_PRODUCTS_DIR; };
		87012AD72B0F938C008A629D /* AppDelegate.swift */ = {isa = PBXFileReference; lastKnownFileType = sourcecode.swift; path = AppDelegate.swift; sourceTree = "<group>"; };
		87012ADB2B0F938C008A629D /* ViewController.swift */ = {isa = PBXFileReference; lastKnownFileType = sourcecode.swift; path = ViewController.swift; sourceTree = "<group>"; };
		87012ADE2B0F938C008A629D /* Base */ = {isa = PBXFileReference; lastKnownFileType = file.storyboard; name = Base; path = Base.lproj/Main.storyboard; sourceTree = "<group>"; };
		87012AE02B0F938F008A629D /* Assets.xcassets */ = {isa = PBXFileReference; lastKnownFileType = folder.assetcatalog; path = Assets.xcassets; sourceTree = "<group>"; };
		87012AE32B0F938F008A629D /* Base */ = {isa = PBXFileReference; lastKnownFileType = file.storyboard; name = Base; path = Base.lproj/LaunchScreen.storyboard; sourceTree = "<group>"; };
		87012AE52B0F938F008A629D /* Info.plist */ = {isa = PBXFileReference; lastKnownFileType = text.plist.xml; path = Info.plist; sourceTree = "<group>"; };
		87012AED2B0F9730008A629D /* BannerCollectionViewCell.swift */ = {isa = PBXFileReference; lastKnownFileType = sourcecode.swift; path = BannerCollectionViewCell.swift; sourceTree = "<group>"; };
		87012AEF2B0F9986008A629D /* SubBannerCollectionViewCell.swift */ = {isa = PBXFileReference; lastKnownFileType = sourcecode.swift; path = SubBannerCollectionViewCell.swift; sourceTree = "<group>"; };
		87012AF22B0F99E3008A629D /* HomeTableViewCell.swift */ = {isa = PBXFileReference; lastKnownFileType = sourcecode.swift; path = HomeTableViewCell.swift; sourceTree = "<group>"; };
		878DC7EE2B0FB1A900528B59 /* APIClass.swift */ = {isa = PBXFileReference; lastKnownFileType = sourcecode.swift; path = APIClass.swift; sourceTree = "<group>"; };
		878DC7F12B0FB27300528B59 /* HomeViewModel.swift */ = {isa = PBXFileReference; lastKnownFileType = sourcecode.swift; path = HomeViewModel.swift; sourceTree = "<group>"; };
		878DC7F32B0FB46400528B59 /* HomeModel.swift */ = {isa = PBXFileReference; fileEncoding = 4; lastKnownFileType = sourcecode.swift; path = HomeModel.swift; sourceTree = "<group>"; };
		8CE01175B18157CB227A6EDA /* Pods-SugarBoxDemo.release.xcconfig */ = {isa = PBXFileReference; includeInIndex = 1; lastKnownFileType = text.xcconfig; name = "Pods-SugarBoxDemo.release.xcconfig"; path = "Target Support Files/Pods-SugarBoxDemo/Pods-SugarBoxDemo.release.xcconfig"; sourceTree = "<group>"; };
		AF93CDC6DE129AFCE5476C12 /* Pods-SugarBoxDemo.debug.xcconfig */ = {isa = PBXFileReference; includeInIndex = 1; lastKnownFileType = text.xcconfig; name = "Pods-SugarBoxDemo.debug.xcconfig"; path = "Target Support Files/Pods-SugarBoxDemo/Pods-SugarBoxDemo.debug.xcconfig"; sourceTree = "<group>"; };
		EE63CF311DDD2AD7E7F25B7A /* Pods_SugarBoxDemo.framework */ = {isa = PBXFileReference; explicitFileType = wrapper.framework; includeInIndex = 0; path = Pods_SugarBoxDemo.framework; sourceTree = BUILT_PRODUCTS_DIR; };
/* End PBXFileReference section */

/* Begin PBXFrameworksBuildPhase section */
		87012AD12B0F938C008A629D /* Frameworks */ = {
			isa = PBXFrameworksBuildPhase;
			buildActionMask = 2147483647;
			files = (
				1518154F92DC88F0E882DC45 /* Pods_SugarBoxDemo.framework in Frameworks */,
			);
			runOnlyForDeploymentPostprocessing = 0;
		};
/* End PBXFrameworksBuildPhase section */

/* Begin PBXGroup section */
		87012ACB2B0F938C008A629D = {
			isa = PBXGroup;
			children = (
				87012AD62B0F938C008A629D /* SugarBoxDemo */,
				87012AD52B0F938C008A629D /* Products */,
				B865F4B0647DDD944B2EA9AA /* Pods */,
				9DEC37BEDAABF602A0D14F2A /* Frameworks */,
			);
			sourceTree = "<group>";
		};
		87012AD52B0F938C008A629D /* Products */ = {
			isa = PBXGroup;
			children = (
				87012AD42B0F938C008A629D /* SugarBoxDemo.app */,
			);
			name = Products;
			sourceTree = "<group>";
		};
		87012AD62B0F938C008A629D /* SugarBoxDemo */ = {
			isa = PBXGroup;
			children = (
				87012AD72B0F938C008A629D /* AppDelegate.swift */,
				878DC7ED2B0FAEC400528B59 /* Networking */,
				878DC7EC2B0FAEBA00528B59 /* Models */,
				87012AF12B0F99A8008A629D /* TableVIewCells */,
				87012AEC2B0F96A1008A629D /* CollectionViewCells */,
				878DC7F02B0FB22400528B59 /* ViewModels */,
				87012AEB2B0F9692008A629D /* ViewControllers */,
				87012ADD2B0F938C008A629D /* Main.storyboard */,
				87012AE02B0F938F008A629D /* Assets.xcassets */,
				87012AE22B0F938F008A629D /* LaunchScreen.storyboard */,
				87012AE52B0F938F008A629D /* Info.plist */,
			);
			path = SugarBoxDemo;
			sourceTree = "<group>";
		};
		87012AEB2B0F9692008A629D /* ViewControllers */ = {
			isa = PBXGroup;
			children = (
				87012ADB2B0F938C008A629D /* ViewController.swift */,
			);
			path = ViewControllers;
			sourceTree = "<group>";
		};
		87012AEC2B0F96A1008A629D /* CollectionViewCells */ = {
			isa = PBXGroup;
			children = (
				87012AED2B0F9730008A629D /* BannerCollectionViewCell.swift */,
				87012AEF2B0F9986008A629D /* SubBannerCollectionViewCell.swift */,
			);
			path = CollectionViewCells;
			sourceTree = "<group>";
		};
		87012AF12B0F99A8008A629D /* TableVIewCells */ = {
			isa = PBXGroup;
			children = (
				87012AF22B0F99E3008A629D /* HomeTableViewCell.swift */,
			);
			path = TableVIewCells;
			sourceTree = "<group>";
		};
		878DC7EC2B0FAEBA00528B59 /* Models */ = {
			isa = PBXGroup;
			children = (
				878DC7F32B0FB46400528B59 /* HomeModel.swift */,
			);
			path = Models;
			sourceTree = "<group>";
		};
		878DC7ED2B0FAEC400528B59 /* Networking */ = {
			isa = PBXGroup;
			children = (
				878DC7EE2B0FB1A900528B59 /* APIClass.swift */,
			);
			path = Networking;
			sourceTree = "<group>";
		};
		878DC7F02B0FB22400528B59 /* ViewModels */ = {
			isa = PBXGroup;
			children = (
				878DC7F12B0FB27300528B59 /* HomeViewModel.swift */,
			);
			path = ViewModels;
			sourceTree = "<group>";
		};
		9DEC37BEDAABF602A0D14F2A /* Frameworks */ = {
			isa = PBXGroup;
			children = (
				EE63CF311DDD2AD7E7F25B7A /* Pods_SugarBoxDemo.framework */,
			);
			name = Frameworks;
			sourceTree = "<group>";
		};
		B865F4B0647DDD944B2EA9AA /* Pods */ = {
			isa = PBXGroup;
			children = (
				AF93CDC6DE129AFCE5476C12 /* Pods-SugarBoxDemo.debug.xcconfig */,
				8CE01175B18157CB227A6EDA /* Pods-SugarBoxDemo.release.xcconfig */,
			);
			path = Pods;
			sourceTree = "<group>";
		};
/* End PBXGroup section */

/* Begin PBXNativeTarget section */
		87012AD32B0F938C008A629D /* SugarBoxDemo */ = {
			isa = PBXNativeTarget;
			buildConfigurationList = 87012AE82B0F938F008A629D /* Build configuration list for PBXNativeTarget "SugarBoxDemo" */;
			buildPhases = (
				9CBDC0804625A94AAC2351FA /* [CP] Check Pods Manifest.lock */,
				87012AD02B0F938C008A629D /* Sources */,
				87012AD12B0F938C008A629D /* Frameworks */,
				87012AD22B0F938C008A629D /* Resources */,
				EFD0A5C325B5A345B8320D32 /* [CP] Embed Pods Frameworks */,
			);
			buildRules = (
			);
			dependencies = (
			);
			name = SugarBoxDemo;
			productName = SugarBoxDemo;
			productReference = 87012AD42B0F938C008A629D /* SugarBoxDemo.app */;
			productType = "com.apple.product-type.application";
		};
/* End PBXNativeTarget section */

/* Begin PBXProject section */
		87012ACC2B0F938C008A629D /* Project object */ = {
			isa = PBXProject;
			attributes = {
				BuildIndependentTargetsInParallel = 1;
				LastSwiftUpdateCheck = 1500;
				LastUpgradeCheck = 1500;
				TargetAttributes = {
					87012AD32B0F938C008A629D = {
						CreatedOnToolsVersion = 15.0.1;
					};
				};
			};
			buildConfigurationList = 87012ACF2B0F938C008A629D /* Build configuration list for PBXProject "SugarBoxDemo" */;
			compatibilityVersion = "Xcode 14.0";
			developmentRegion = en;
			hasScannedForEncodings = 0;
			knownRegions = (
				en,
				Base,
			);
			mainGroup = 87012ACB2B0F938C008A629D;
			productRefGroup = 87012AD52B0F938C008A629D /* Products */;
			projectDirPath = "";
			projectRoot = "";
			targets = (
				87012AD32B0F938C008A629D /* SugarBoxDemo */,
			);
		};
/* End PBXProject section */

/* Begin PBXResourcesBuildPhase section */
		87012AD22B0F938C008A629D /* Resources */ = {
			isa = PBXResourcesBuildPhase;
			buildActionMask = 2147483647;
			files = (
				87012AE42B0F938F008A629D /* LaunchScreen.storyboard in Resources */,
				87012AE12B0F938F008A629D /* Assets.xcassets in Resources */,
				87012ADF2B0F938C008A629D /* Main.storyboard in Resources */,
			);
			runOnlyForDeploymentPostprocessing = 0;
		};
/* End PBXResourcesBuildPhase section */

/* Begin PBXShellScriptBuildPhase section */
		9CBDC0804625A94AAC2351FA /* [CP] Check Pods Manifest.lock */ = {
			isa = PBXShellScriptBuildPhase;
			buildActionMask = 2147483647;
			files = (
			);
			inputFileListPaths = (
			);
			inputPaths = (
				"${PODS_PODFILE_DIR_PATH}/Podfile.lock",
				"${PODS_ROOT}/Manifest.lock",
			);
			name = "[CP] Check Pods Manifest.lock";
			outputFileListPaths = (
			);
			outputPaths = (
				"$(DERIVED_FILE_DIR)/Pods-SugarBoxDemo-checkManifestLockResult.txt",
			);
			runOnlyForDeploymentPostprocessing = 0;
			shellPath = /bin/sh;
			shellScript = "diff \"${PODS_PODFILE_DIR_PATH}/Podfile.lock\" \"${PODS_ROOT}/Manifest.lock\" > /dev/null\nif [ $? != 0 ] ; then\n    # print error to STDERR\n    echo \"error: The sandbox is not in sync with the Podfile.lock. Run 'pod install' or update your CocoaPods installation.\" >&2\n    exit 1\nfi\n# This output is used by Xcode 'outputs' to avoid re-running this script phase.\necho \"SUCCESS\" > \"${SCRIPT_OUTPUT_FILE_0}\"\n";
			showEnvVarsInLog = 0;
		};
		EFD0A5C325B5A345B8320D32 /* [CP] Embed Pods Frameworks */ = {
			isa = PBXShellScriptBuildPhase;
			buildActionMask = 2147483647;
			files = (
			);
			inputFileListPaths = (
				"${PODS_ROOT}/Target Support Files/Pods-SugarBoxDemo/Pods-SugarBoxDemo-frameworks-${CONFIGURATION}-input-files.xcfilelist",
			);
			name = "[CP] Embed Pods Frameworks";
			outputFileListPaths = (
				"${PODS_ROOT}/Target Support Files/Pods-SugarBoxDemo/Pods-SugarBoxDemo-frameworks-${CONFIGURATION}-output-files.xcfilelist",
			);
			runOnlyForDeploymentPostprocessing = 0;
			shellPath = /bin/sh;
			shellScript = "\"${PODS_ROOT}/Target Support Files/Pods-SugarBoxDemo/Pods-SugarBoxDemo-frameworks.sh\"\n";
			showEnvVarsInLog = 0;
		};
/* End PBXShellScriptBuildPhase section */

/* Begin PBXSourcesBuildPhase section */
		87012AD02B0F938C008A629D /* Sources */ = {
			isa = PBXSourcesBuildPhase;
			buildActionMask = 2147483647;
			files = (
				87012AF32B0F99E3008A629D /* HomeTableViewCell.swift in Sources */,
				87012ADC2B0F938C008A629D /* ViewController.swift in Sources */,
				878DC7F22B0FB27300528B59 /* HomeViewModel.swift in Sources */,
				87012AD82B0F938C008A629D /* AppDelegate.swift in Sources */,
				878DC7F42B0FB46400528B59 /* HomeModel.swift in Sources */,
				878DC7EF2B0FB1A900528B59 /* APIClass.swift in Sources */,
				87012AEE2B0F9730008A629D /* BannerCollectionViewCell.swift in Sources */,
				87012AF02B0F9986008A629D /* SubBannerCollectionViewCell.swift in Sources */,
			);
			runOnlyForDeploymentPostprocessing = 0;
		};
/* End PBXSourcesBuildPhase section */

/* Begin PBXVariantGroup section */
		87012ADD2B0F938C008A629D /* Main.storyboard */ = {
			isa = PBXVariantGroup;
			children = (
				87012ADE2B0F938C008A629D /* Base */,
			);
			name = Main.storyboard;
			sourceTree = "<group>";
		};
		87012AE22B0F938F008A629D /* LaunchScreen.storyboard */ = {
			isa = PBXVariantGroup;
			children = (
				87012AE32B0F938F008A629D /* Base */,
			);
			name = LaunchScreen.storyboard;
			sourceTree = "<group>";
		};
/* End PBXVariantGroup section */

/* Begin XCBuildConfiguration section */
		87012AE62B0F938F008A629D /* Debug */ = {
			isa = XCBuildConfiguration;
			buildSettings = {
				ALWAYS_SEARCH_USER_PATHS = NO;
				ASSETCATALOG_COMPILER_GENERATE_SWIFT_ASSET_SYMBOL_EXTENSIONS = YES;
				CLANG_ANALYZER_NONNULL = YES;
				CLANG_ANALYZER_NUMBER_OBJECT_CONVERSION = YES_AGGRESSIVE;
				CLANG_CXX_LANGUAGE_STANDARD = "gnu++20";
				CLANG_ENABLE_MODULES = YES;
				CLANG_ENABLE_OBJC_ARC = YES;
				CLANG_ENABLE_OBJC_WEAK = YES;
				CLANG_WARN_BLOCK_CAPTURE_AUTORELEASING = YES;
				CLANG_WARN_BOOL_CONVERSION = YES;
				CLANG_WARN_COMMA = YES;
				CLANG_WARN_CONSTANT_CONVERSION = YES;
				CLANG_WARN_DEPRECATED_OBJC_IMPLEMENTATIONS = YES;
				CLANG_WARN_DIRECT_OBJC_ISA_USAGE = YES_ERROR;
				CLANG_WARN_DOCUMENTATION_COMMENTS = YES;
				CLANG_WARN_EMPTY_BODY = YES;
				CLANG_WARN_ENUM_CONVERSION = YES;
				CLANG_WARN_INFINITE_RECURSION = YES;
				CLANG_WARN_INT_CONVERSION = YES;
				CLANG_WARN_NON_LITERAL_NULL_CONVERSION = YES;
				CLANG_WARN_OBJC_IMPLICIT_RETAIN_SELF = YES;
				CLANG_WARN_OBJC_LITERAL_CONVERSION = YES;
				CLANG_WARN_OBJC_ROOT_CLASS = YES_ERROR;
				CLANG_WARN_QUOTED_INCLUDE_IN_FRAMEWORK_HEADER = YES;
				CLANG_WARN_RANGE_LOOP_ANALYSIS = YES;
				CLANG_WARN_STRICT_PROTOTYPES = YES;
				CLANG_WARN_SUSPICIOUS_MOVE = YES;
				CLANG_WARN_UNGUARDED_AVAILABILITY = YES_AGGRESSIVE;
				CLANG_WARN_UNREACHABLE_CODE = YES;
				CLANG_WARN__DUPLICATE_METHOD_MATCH = YES;
				COPY_PHASE_STRIP = NO;
				DEBUG_INFORMATION_FORMAT = dwarf;
				ENABLE_STRICT_OBJC_MSGSEND = YES;
				ENABLE_TESTABILITY = YES;
				ENABLE_USER_SCRIPT_SANDBOXING = YES;
				GCC_C_LANGUAGE_STANDARD = gnu17;
				GCC_DYNAMIC_NO_PIC = NO;
				GCC_NO_COMMON_BLOCKS = YES;
				GCC_OPTIMIZATION_LEVEL = 0;
				GCC_PREPROCESSOR_DEFINITIONS = (
					"DEBUG=1",
					"$(inherited)",
				);
				GCC_WARN_64_TO_32_BIT_CONVERSION = YES;
				GCC_WARN_ABOUT_RETURN_TYPE = YES_ERROR;
				GCC_WARN_UNDECLARED_SELECTOR = YES;
				GCC_WARN_UNINITIALIZED_AUTOS = YES_AGGRESSIVE;
				GCC_WARN_UNUSED_FUNCTION = YES;
				GCC_WARN_UNUSED_VARIABLE = YES;
				IPHONEOS_DEPLOYMENT_TARGET = 17.0;
				LOCALIZATION_PREFERS_STRING_CATALOGS = YES;
				MTL_ENABLE_DEBUG_INFO = INCLUDE_SOURCE;
				MTL_FAST_MATH = YES;
				ONLY_ACTIVE_ARCH = YES;
				SDKROOT = iphoneos;
				SWIFT_ACTIVE_COMPILATION_CONDITIONS = "DEBUG $(inherited)";
				SWIFT_OPTIMIZATION_LEVEL = "-Onone";
			};
			name = Debug;
		};
		87012AE72B0F938F008A629D /* Release */ = {
			isa = XCBuildConfiguration;
			buildSettings = {
				ALWAYS_SEARCH_USER_PATHS = NO;
				ASSETCATALOG_COMPILER_GENERATE_SWIFT_ASSET_SYMBOL_EXTENSIONS = YES;
				CLANG_ANALYZER_NONNULL = YES;
				CLANG_ANALYZER_NUMBER_OBJECT_CONVERSION = YES_AGGRESSIVE;
				CLANG_CXX_LANGUAGE_STANDARD = "gnu++20";
				CLANG_ENABLE_MODULES = YES;
				CLANG_ENABLE_OBJC_ARC = YES;
				CLANG_ENABLE_OBJC_WEAK = YES;
				CLANG_WARN_BLOCK_CAPTURE_AUTORELEASING = YES;
				CLANG_WARN_BOOL_CONVERSION = YES;
				CLANG_WARN_COMMA = YES;
				CLANG_WARN_CONSTANT_CONVERSION = YES;
				CLANG_WARN_DEPRECATED_OBJC_IMPLEMENTATIONS = YES;
				CLANG_WARN_DIRECT_OBJC_ISA_USAGE = YES_ERROR;
				CLANG_WARN_DOCUMENTATION_COMMENTS = YES;
				CLANG_WARN_EMPTY_BODY = YES;
				CLANG_WARN_ENUM_CONVERSION = YES;
				CLANG_WARN_INFINITE_RECURSION = YES;
				CLANG_WARN_INT_CONVERSION = YES;
				CLANG_WARN_NON_LITERAL_NULL_CONVERSION = YES;
				CLANG_WARN_OBJC_IMPLICIT_RETAIN_SELF = YES;
				CLANG_WARN_OBJC_LITERAL_CONVERSION = YES;
				CLANG_WARN_OBJC_ROOT_CLASS = YES_ERROR;
				CLANG_WARN_QUOTED_INCLUDE_IN_FRAMEWORK_HEADER = YES;
				CLANG_WARN_RANGE_LOOP_ANALYSIS = YES;
				CLANG_WARN_STRICT_PROTOTYPES = YES;
				CLANG_WARN_SUSPICIOUS_MOVE = YES;
				CLANG_WARN_UNGUARDED_AVAILABILITY = YES_AGGRESSIVE;
				CLANG_WARN_UNREACHABLE_CODE = YES;
				CLANG_WARN__DUPLICATE_METHOD_MATCH = YES;
				COPY_PHASE_STRIP = NO;
				DEBUG_INFORMATION_FORMAT = "dwarf-with-dsym";
				ENABLE_NS_ASSERTIONS = NO;
				ENABLE_STRICT_OBJC_MSGSEND = YES;
				ENABLE_USER_SCRIPT_SANDBOXING = YES;
				GCC_C_LANGUAGE_STANDARD = gnu17;
				GCC_NO_COMMON_BLOCKS = YES;
				GCC_WARN_64_TO_32_BIT_CONVERSION = YES;
				GCC_WARN_ABOUT_RETURN_TYPE = YES_ERROR;
				GCC_WARN_UNDECLARED_SELECTOR = YES;
				GCC_WARN_UNINITIALIZED_AUTOS = YES_AGGRESSIVE;
				GCC_WARN_UNUSED_FUNCTION = YES;
				GCC_WARN_UNUSED_VARIABLE = YES;
				IPHONEOS_DEPLOYMENT_TARGET = 17.0;
				LOCALIZATION_PREFERS_STRING_CATALOGS = YES;
				MTL_ENABLE_DEBUG_INFO = NO;
				MTL_FAST_MATH = YES;
				SDKROOT = iphoneos;
				SWIFT_COMPILATION_MODE = wholemodule;
				VALIDATE_PRODUCT = YES;
			};
			name = Release;
		};
		87012AE92B0F938F008A629D /* Debug */ = {
			isa = XCBuildConfiguration;
			baseConfigurationReference = AF93CDC6DE129AFCE5476C12 /* Pods-SugarBoxDemo.debug.xcconfig */;
			buildSettings = {
				ASSETCATALOG_COMPILER_APPICON_NAME = AppIcon;
				ASSETCATALOG_COMPILER_GLOBAL_ACCENT_COLOR_NAME = AccentColor;
				CODE_SIGN_STYLE = Automatic;
				CURRENT_PROJECT_VERSION = 1;
				DEVELOPMENT_TEAM = 47KQA92QLL;
				ENABLE_USER_SCRIPT_SANDBOXING = NO;
				GENERATE_INFOPLIST_FILE = YES;
				INFOPLIST_FILE = SugarBoxDemo/Info.plist;
				INFOPLIST_KEY_UIApplicationSupportsIndirectInputEvents = YES;
				INFOPLIST_KEY_UILaunchStoryboardName = LaunchScreen;
				INFOPLIST_KEY_UIMainStoryboardFile = Main;
				INFOPLIST_KEY_UISupportedInterfaceOrientations_iPad = "UIInterfaceOrientationPortrait UIInterfaceOrientationPortraitUpsideDown UIInterfaceOrientationLandscapeLeft UIInterfaceOrientationLandscapeRight";
				INFOPLIST_KEY_UISupportedInterfaceOrientations_iPhone = "UIInterfaceOrientationPortrait UIInterfaceOrientationLandscapeLeft UIInterfaceOrientationLandscapeRight";
				IPHONEOS_DEPLOYMENT_TARGET = 12.0;
				LD_RUNPATH_SEARCH_PATHS = (
					"$(inherited)",
					"@executable_path/Frameworks",
				);
				MARKETING_VERSION = 1.0;
				PRODUCT_BUNDLE_IDENTIFIER = "com.thread.-";
				PRODUCT_NAME = "$(TARGET_NAME)";
				SWIFT_EMIT_LOC_STRINGS = YES;
				SWIFT_VERSION = 5.0;
				TARGETED_DEVICE_FAMILY = "1,2";
			};
			name = Debug;
		};
		87012AEA2B0F938F008A629D /* Release */ = {
			isa = XCBuildConfiguration;
			baseConfigurationReference = 8CE01175B18157CB227A6EDA /* Pods-SugarBoxDemo.release.xcconfig */;
			buildSettings = {
				ASSETCATALOG_COMPILER_APPICON_NAME = AppIcon;
				ASSETCATALOG_COMPILER_GLOBAL_ACCENT_COLOR_NAME = AccentColor;
				CODE_SIGN_STYLE = Automatic;
				CURRENT_PROJECT_VERSION = 1;
				DEVELOPMENT_TEAM = 47KQA92QLL;
				ENABLE_USER_SCRIPT_SANDBOXING = NO;
				GENERATE_INFOPLIST_FILE = YES;
				INFOPLIST_FILE = SugarBoxDemo/Info.plist;
				INFOPLIST_KEY_UIApplicationSupportsIndirectInputEvents = YES;
				INFOPLIST_KEY_UILaunchStoryboardName = LaunchScreen;
				INFOPLIST_KEY_UIMainStoryboardFile = Main;
				INFOPLIST_KEY_UISupportedInterfaceOrientations_iPad = "UIInterfaceOrientationPortrait UIInterfaceOrientationPortraitUpsideDown UIInterfaceOrientationLandscapeLeft UIInterfaceOrientationLandscapeRight";
				INFOPLIST_KEY_UISupportedInterfaceOrientations_iPhone = "UIInterfaceOrientationPortrait UIInterfaceOrientationLandscapeLeft UIInterfaceOrientationLandscapeRight";
				IPHONEOS_DEPLOYMENT_TARGET = 12.0;
				LD_RUNPATH_SEARCH_PATHS = (
					"$(inherited)",
					"@executable_path/Frameworks",
				);
				MARKETING_VERSION = 1.0;
				PRODUCT_BUNDLE_IDENTIFIER = "com.thread.-";
				PRODUCT_NAME = "$(TARGET_NAME)";
				SWIFT_EMIT_LOC_STRINGS = YES;
				SWIFT_VERSION = 5.0;
				TARGETED_DEVICE_FAMILY = "1,2";
			};
			name = Release;
		};
/* End XCBuildConfiguration section */

/* Begin XCConfigurationList section */
		87012ACF2B0F938C008A629D /* Build configuration list for PBXProject "SugarBoxDemo" */ = {
			isa = XCConfigurationList;
			buildConfigurations = (
				87012AE62B0F938F008A629D /* Debug */,
				87012AE72B0F938F008A629D /* Release */,
			);
			defaultConfigurationIsVisible = 0;
			defaultConfigurationName = Release;
		};
		87012AE82B0F938F008A629D /* Build configuration list for PBXNativeTarget "SugarBoxDemo" */ = {
			isa = XCConfigurationList;
			buildConfigurations = (
				87012AE92B0F938F008A629D /* Debug */,
				87012AEA2B0F938F008A629D /* Release */,
			);
			defaultConfigurationIsVisible = 0;
			defaultConfigurationName = Release;
		};
/* End XCConfigurationList section */
	};
	rootObject = 87012ACC2B0F938C008A629D /* Project object */;
}
